
Microsoft Visual Studio Solution File, Format Version 12.00
# Visual Studio Version 17
VisualStudioVersion = 17.9.34728.123
MinimumVisualStudioVersion = 10.0.40219.1
Project("{FAE04EC0-301F-11D3-BF4B-00C04F79EFBC}") = "перевод римских цифр", "перевод римских цифр\перевод римских цифр.csproj", "{12AAF122-E622-4847-81AC-62F8BF51FF86}"
EndProject
Global
	GlobalSection(SolutionConfigurationPlatforms) = preSolution
		Debug|Any CPU = Debug|Any CPU
		Release|Any CPU = Release|Any CPU
	EndGlobalSection
	GlobalSection(ProjectConfigurationPlatforms) = postSolution
		{12AAF122-E622-4847-81AC-62F8BF51FF86}.Debug|Any CPU.ActiveCfg = Debug|Any CPU
		{12AAF122-E622-4847-81AC-62F8BF51FF86}.Debug|Any CPU.Build.0 = Debug|Any CPU
		{12AAF122-E622-4847-81AC-62F8BF51FF86}.Release|Any CPU.ActiveCfg = Release|Any CPU
		{12AAF122-E622-4847-81AC-62F8BF51FF86}.Release|Any CPU.Build.0 = Release|Any CPU
	EndGlobalSection
	GlobalSection(SolutionProperties) = preSolution
		HideSolutionNode = FALSE
	EndGlobalSection
	GlobalSection(ExtensibilityGlobals) = postSolution
		SolutionGuid = {02E387F9-328C-4BB2-BEEC-057C3F268456}
	EndGlobalSection
EndGlobal
